{
  "name": "drone",
  "dependencies": {
    "autoprefixer": {
      "version": "4.0.0",
      "from": "autoprefixer@",
      "resolved": "https://registry.npmjs.org/autoprefixer/-/autoprefixer-4.0.0.tgz",
      "dependencies": {
        "autoprefixer-core": {
          "version": "4.0.2",
          "from": "autoprefixer-core@~4.0.0",
          "resolved": "https://registry.npmjs.org/autoprefixer-core/-/autoprefixer-core-4.0.2.tgz",
          "dependencies": {
            "caniuse-db": {
              "version": "1.0.30000043",
              "from": "caniuse-db@^1.0.30000030",
              "resolved": "https://registry.npmjs.org/caniuse-db/-/caniuse-db-1.0.30000043.tgz"
            }
          }
        },
        "fs-extra": {
          "version": "0.11.1",
          "from": "fs-extra@~0.11.1",
          "resolved": "https://registry.npmjs.org/fs-extra/-/fs-extra-0.11.1.tgz",
          "dependencies": {
            "ncp": {
              "version": "0.6.0",
              "from": "ncp@^0.6.0",
              "resolved": "https://registry.npmjs.org/ncp/-/ncp-0.6.0.tgz"
            },
            "mkdirp": {
              "version": "0.5.0",
              "from": "mkdirp@^0.5.0",
              "resolved": "https://registry.npmjs.org/mkdirp/-/mkdirp-0.5.0.tgz",
              "dependencies": {
                "minimist": {
                  "version": "0.0.8",
                  "from": "minimist@0.0.8",
                  "resolved": "https://registry.npmjs.org/minimist/-/minimist-0.0.8.tgz"
                }
              }
            },
            "jsonfile": {
              "version": "2.0.0",
              "from": "jsonfile@^2.0.0",
              "resolved": "https://registry.npmjs.org/jsonfile/-/jsonfile-2.0.0.tgz"
            },
            "rimraf": {
              "version": "2.2.8",
              "from": "rimraf@^2.2.8",
              "resolved": "https://registry.npmjs.org/rimraf/-/rimraf-2.2.8.tgz"
            }
          }
        },
        "postcss": {
          "version": "3.0.7",
          "from": "postcss@~3.0.1",
          "resolved": "https://registry.npmjs.org/postcss/-/postcss-3.0.7.tgz",
          "dependencies": {
            "source-map": {
              "version": "0.1.43",
              "from": "source-map@>=0.1.43 <0.2",
              "resolved": "https://registry.npmjs.org/source-map/-/source-map-0.1.43.tgz",
              "dependencies": {
                "amdefine": {
                  "version": "0.1.0",
                  "from": "amdefine@>=0.0.4",
                  "resolved": "https://registry.npmjs.org/amdefine/-/amdefine-0.1.0.tgz"
                }
              }
            },
            "js-base64": {
              "version": "2.1.6",
              "from": "js-base64@~2.1.5",
              "resolved": "https://registry.npmjs.org/js-base64/-/js-base64-2.1.6.tgz"
            }
          }
        }
      }
    },
    "less": {
      "version": "2.2.0",
      "from": "less@",
      "resolved": "https://registry.npmjs.org/less/-/less-2.2.0.tgz",
      "dependencies": {
        "graceful-fs": {
          "version": "3.0.5",
          "from": "graceful-fs@^3.0.4",
          "resolved": "https://registry.npmjs.org/graceful-fs/-/graceful-fs-3.0.5.tgz"
        },
        "mime": {
          "version": "1.2.11",
          "from": "mime@^1.2.11",
          "resolved": "https://registry.npmjs.org/mime/-/mime-1.2.11.tgz"
        },
        "request": {
          "version": "2.51.0",
          "from": "request@^2.48.0",
          "resolved": "https://registry.npmjs.org/request/-/request-2.51.0.tgz",
          "dependencies": {
            "bl": {
              "version": "0.9.3",
              "from": "bl@~0.9.0",
              "resolved": "https://registry.npmjs.org/bl/-/bl-0.9.3.tgz",
              "dependencies": {
                "readable-stream": {
                  "version": "1.0.33",
                  "from": "readable-stream@~1.0.26",
                  "resolved": "https://registry.npmjs.org/readable-stream/-/readable-stream-1.0.33.tgz",
                  "dependencies": {
                    "core-util-is": {
                      "version": "1.0.1",
                      "from": "core-util-is@~1.0.0",
                      "resolved": "https://registry.npmjs.org/core-util-is/-/core-util-is-1.0.1.tgz"
                    },
                    "isarray": {
                      "version": "0.0.1",
                      "from": "isarray@0.0.1",
                      "resolved": "https://registry.npmjs.org/isarray/-/isarray-0.0.1.tgz"
                    },
                    "string_decoder": {
                      "version": "0.10.31",
                      "from": "string_decoder@~0.10.x",
                      "resolved": "https://registry.npmjs.org/string_decoder/-/string_decoder-0.10.31.tgz"
                    },
                    "inherits": {
                      "version": "2.0.1",
                      "from": "inherits@~2.0.1",
                      "resolved": "https://registry.npmjs.org/inherits/-/inherits-2.0.1.tgz"
                    }
                  }
                }
              }
            },
            "caseless": {
              "version": "0.8.0",
              "from": "caseless@~0.8.0",
              "resolved": "https://registry.npmjs.org/caseless/-/caseless-0.8.0.tgz"
            },
            "forever-agent": {
              "version": "0.5.2",
              "from": "forever-agent@~0.5.0",
              "resolved": "https://registry.npmjs.org/forever-agent/-/forever-agent-0.5.2.tgz"
            },
            "form-data": {
              "version": "0.2.0",
              "from": "form-data@~0.2.0",
              "resolved": "https://registry.npmjs.org/form-data/-/form-data-0.2.0.tgz",
              "dependencies": {
                "async": {
                  "version": "0.9.0",
                  "from": "async@~0.9.0",
                  "resolved": "https://registry.npmjs.org/async/-/async-0.9.0.tgz"
                },
                "mime-types": {
                  "version": "2.0.7",
                  "from": "mime-types@~2.0.3",
                  "resolved": "https://registry.npmjs.org/mime-types/-/mime-types-2.0.7.tgz",
                  "dependencies": {
                    "mime-db": {
                      "version": "1.5.0",
                      "from": "mime-db@~1.5.0",
                      "resolved": "https://registry.npmjs.org/mime-db/-/mime-db-1.5.0.tgz"
                    }
                  }
                }
              }
            },
            "json-stringify-safe": {
              "version": "5.0.0",
              "from": "json-stringify-safe@~5.0.0",
              "resolved": "https://registry.npmjs.org/json-stringify-safe/-/json-stringify-safe-5.0.0.tgz"
            },
            "mime-types": {
              "version": "1.0.2",
              "from": "mime-types@~1.0.1",
              "resolved": "https://registry.npmjs.org/mime-types/-/mime-types-1.0.2.tgz"
            },
            "node-uuid": {
              "version": "1.4.2",
              "from": "node-uuid@~1.4.0",
              "resolved": "https://registry.npmjs.org/node-uuid/-/node-uuid-1.4.2.tgz"
            },
            "qs": {
              "version": "2.3.3",
              "from": "qs@~2.3.1",
              "resolved": "https://registry.npmjs.org/qs/-/qs-2.3.3.tgz"
            },
            "tunnel-agent": {
              "version": "0.4.0",
              "from": "tunnel-agent@~0.4.0",
              "resolved": "https://registry.npmjs.org/tunnel-agent/-/tunnel-agent-0.4.0.tgz"
            },
            "tough-cookie": {
              "version": "0.12.1",
              "from": "tough-cookie@>=0.12.0",
              "resolved": "https://registry.npmjs.org/tough-cookie/-/tough-cookie-0.12.1.tgz",
              "dependencies": {
                "punycode": {
                  "version": "1.3.2",
                  "from": "punycode@>=0.2.0",
                  "resolved": "https://registry.npmjs.org/punycode/-/punycode-1.3.2.tgz"
                }
              }
            },
            "http-signature": {
              "version": "0.10.1",
              "from": "http-signature@~0.10.0",
              "resolved": "https://registry.npmjs.org/http-signature/-/http-signature-0.10.1.tgz",
              "dependencies": {
                "assert-plus": {
                  "version": "0.1.5",
                  "from": "assert-plus@^0.1.5",
                  "resolved": "https://registry.npmjs.org/assert-plus/-/assert-plus-0.1.5.tgz"
                },
                "asn1": {
                  "version": "0.1.11",
                  "from": "asn1@0.1.11",
                  "resolved": "https://registry.npmjs.org/asn1/-/asn1-0.1.11.tgz"
                },
                "ctype": {
                  "version": "0.5.3",
                  "from": "ctype@0.5.3",
                  "resolved": "https://registry.npmjs.org/ctype/-/ctype-0.5.3.tgz"
                }
              }
            },
            "oauth-sign": {
              "version": "0.5.0",
              "from": "oauth-sign@~0.5.0",
              "resolved": "https://registry.npmjs.org/oauth-sign/-/oauth-sign-0.5.0.tgz"
            },
            "hawk": {
              "version": "1.1.1",
              "from": "hawk@1.1.1",
              "resolved": "https://registry.npmjs.org/hawk/-/hawk-1.1.1.tgz",
              "dependencies": {
                "hoek": {
                  "version": "0.9.1",
                  "from": "hoek@0.9.x",
                  "resolved": "https://registry.npmjs.org/hoek/-/hoek-0.9.1.tgz"
                },
                "boom": {
                  "version": "0.4.2",
                  "from": "boom@0.4.x",
                  "resolved": "https://registry.npmjs.org/boom/-/boom-0.4.2.tgz"
                },
                "cryptiles": {
                  "version": "0.2.2",
                  "from": "cryptiles@0.2.x",
                  "resolved": "https://registry.npmjs.org/cryptiles/-/cryptiles-0.2.2.tgz"
                },
                "sntp": {
                  "version": "0.2.4",
                  "from": "sntp@0.2.x",
                  "resolved": "https://registry.npmjs.org/sntp/-/sntp-0.2.4.tgz"
                }
              }
            },
            "aws-sign2": {
              "version": "0.5.0",
              "from": "aws-sign2@~0.5.0",
              "resolved": "https://registry.npmjs.org/aws-sign2/-/aws-sign2-0.5.0.tgz"
            },
            "stringstream": {
              "version": "0.0.4",
              "from": "stringstream@~0.0.4",
              "resolved": "https://registry.npmjs.org/stringstream/-/stringstream-0.0.4.tgz"
            },
            "combined-stream": {
              "version": "0.0.7",
              "from": "combined-stream@~0.0.5",
              "resolved": "https://registry.npmjs.org/combined-stream/-/combined-stream-0.0.7.tgz",
              "dependencies": {
                "delayed-stream": {
                  "version": "0.0.5",
                  "from": "delayed-stream@0.0.5",
                  "resolved": "https://registry.npmjs.org/delayed-stream/-/delayed-stream-0.0.5.tgz"
                }
              }
            }
          }
        },
        "mkdirp": {
          "version": "0.5.0",
          "from": "mkdirp@^0.5.0",
          "resolved": "https://registry.npmjs.org/mkdirp/-/mkdirp-0.5.0.tgz",
          "dependencies": {
            "minimist": {
              "version": "0.0.8",
              "from": "minimist@0.0.8",
              "resolved": "https://registry.npmjs.org/minimist/-/minimist-0.0.8.tgz"
            }
          }
        },
        "source-map": {
          "version": "0.1.43",
          "from": "source-map@^0.1.x",
          "resolved": "https://registry.npmjs.org/source-map/-/source-map-0.1.43.tgz",
          "dependencies": {
            "amdefine": {
              "version": "0.1.0",
              "from": "amdefine@>=0.0.4",
              "resolved": "https://registry.npmjs.org/amdefine/-/amdefine-0.1.0.tgz"
            }
          }
        },
        "promise": {
          "version": "6.0.1",
          "from": "promise@^6.0.1",
          "resolved": "https://registry.npmjs.org/promise/-/promise-6.0.1.tgz",
          "dependencies": {
            "asap": {
              "version": "1.0.0",
              "from": "asap@~1.0.0",
              "resolved": "https://registry.npmjs.org/asap/-/asap-1.0.0.tgz"
            }
          }
        },
        "image-size": {
          "version": "0.3.5",
          "from": "image-size@~0.3.5",
          "resolved": "https://registry.npmjs.org/image-size/-/image-size-0.3.5.tgz"
        }
      }
    },
    "less-plugin-clean-css": {
      "version": "1.4.0",
      "from": "less-plugin-clean-css@",
      "resolved": "https://registry.npmjs.org/less-plugin-clean-css/-/less-plugin-clean-css-1.4.0.tgz",
      "dependencies": {
        "clean-css": {
          "version": "3.0.4",
          "from": "clean-css@^3.0.1",
          "resolved": "https://registry.npmjs.org/clean-css/-/clean-css-3.0.4.tgz",
          "dependencies": {
            "commander": {
              "version": "2.5.1",
              "from": "commander@2.5.x",
              "resolved": "https://registry.npmjs.org/commander/-/commander-2.5.1.tgz"
            },
            "source-map": {
              "version": "0.1.43",
              "from": "source-map@>=0.1.43 <0.2",
              "resolved": "https://registry.npmjs.org/source-map/-/source-map-0.1.43.tgz",
              "dependencies": {
                "amdefine": {
                  "version": "0.1.0",
                  "from": "amdefine@>=0.0.4",
                  "resolved": "https://registry.npmjs.org/amdefine/-/amdefine-0.1.0.tgz"
                }
              }
            }
          }
        }
      }
    },
    "uglify-js": {
      "version": "2.4.16",
      "from": "uglify-js@",
      "resolved": "https://registry.npmjs.org/uglify-js/-/uglify-js-2.4.16.tgz",
      "dependencies": {
        "async": {
          "version": "0.2.10",
          "from": "async@~0.2.6",
          "resolved": "https://registry.npmjs.org/async/-/async-0.2.10.tgz"
        },
        "source-map": {
          "version": "0.1.34",
          "from": "source-map@0.1.34",
          "resolved": "https://registry.npmjs.org/source-map/-/source-map-0.1.34.tgz",
          "dependencies": {
            "amdefine": {
              "version": "0.1.0",
              "from": "amdefine@>=0.0.4",
              "resolved": "https://registry.npmjs.org/amdefine/-/amdefine-0.1.0.tgz"
            }
          }
        },
        "optimist": {
          "version": "0.3.7",
          "from": "optimist@~0.3.5",
          "resolved": "https://registry.npmjs.org/optimist/-/optimist-0.3.7.tgz",
          "dependencies": {
            "wordwrap": {
              "version": "0.0.2",
              "from": "wordwrap@~0.0.2",
              "resolved": "https://registry.npmjs.org/wordwrap/-/wordwrap-0.0.2.tgz"
            }
          }
        },
        "uglify-to-browserify": {
          "version": "1.0.2",
          "from": "uglify-to-browserify@~1.0.0",
          "resolved": "https://registry.npmjs.org/uglify-to-browserify/-/uglify-to-browserify-1.0.2.tgz"
        }
      }
    }
  }
}
